# This file is automatically @generated by Poetry 1.8.2 and should not be changed by hand.

[[package]]
name = "certifi"
version = "2025.1.31"
description = "Python package for providing Mozilla's CA Bundle."
optional = false
python-versions = ">=3.6"
files = [
    {file = "certifi-2025.1.31-py3-none-any.whl", hash = "sha256:ca78db4565a652026a4db2bcdf68f2fb589ea80d0be70e03929ed730746b84fe"},
    {file = "certifi-2025.1.31.tar.gz", hash = "sha256:3d5da6925056f6f18f119200434a4780a94263f10d1c21d032a6f6b2baa20651"},
]

[[package]]
name = "charset-normalizer"
version = "3.4.1"
description = "The Real First Universal Charset Detector. Open, modern and actively maintained alternative to Chardet."
optional = false
python-versions = ">=3.7"
files = [
    {file = "charset_normalizer-3.4.1-cp310-cp310-macosx_10_9_universal2.whl", hash = "sha256:91b36a978b5ae0ee86c394f5a54d6ef44db1de0815eb43de826d41d21e4af3de"},
    {file = "charset_normalizer-3.4.1-cp310-cp310-manylinux_2_17_aarch64.manylinux2014_aarch64.whl", hash = "sha256:7461baadb4dc00fd9e0acbe254e3d7d2112e7f92ced2adc96e54ef6501c5f176"},
    {file = "charset_normalizer-3.4.1-cp310-cp310-manylinux_2_17_ppc64le.manylinux2014_ppc64le.whl", hash = "sha256:e218488cd232553829be0664c2292d3af2eeeb94b32bea483cf79ac6a694e037"},
    {file = "charset_normalizer-3.4.1-cp310-cp310-manylinux_2_17_s390x.manylinux2014_s390x.whl", hash = "sha256:80ed5e856eb7f30115aaf94e4a08114ccc8813e6ed1b5efa74f9f82e8509858f"},
    {file = "charset_normalizer-3.4.1-cp310-cp310-manylinux_2_17_x86_64.manylinux2014_x86_64.whl", hash = "sha256:b010a7a4fd316c3c484d482922d13044979e78d1861f0e0650423144c616a46a"},
    {file = "charset_normalizer-3.4.1-cp310-cp310-manylinux_2_5_i686.manylinux1_i686.manylinux_2_17_i686.manylinux2014_i686.whl", hash = "sha256:4532bff1b8421fd0a320463030c7520f56a79c9024a4e88f01c537316019005a"},
    {file = "charset_normalizer-3.4.1-cp310-cp310-musllinux_1_2_aarch64.whl", hash = "sha256:d973f03c0cb71c5ed99037b870f2be986c3c05e63622c017ea9816881d2dd247"},
    {file = "charset_normalizer-3.4.1-cp310-cp310-musllinux_1_2_i686.whl", hash = "sha256:3a3bd0dcd373514dcec91c411ddb9632c0d7d92aed7093b8c3bbb6d69ca74408"},
    {file = "charset_normalizer-3.4.1-cp310-cp310-musllinux_1_2_ppc64le.whl", hash = "sha256:d9c3cdf5390dcd29aa8056d13e8e99526cda0305acc038b96b30352aff5ff2bb"},
    {file = "charset_normalizer-3.4.1-cp310-cp310-musllinux_1_2_s390x.whl", hash = "sha256:2bdfe3ac2e1bbe5b59a1a63721eb3b95fc9b6817ae4a46debbb4e11f6232428d"},
    {file = "charset_normalizer-3.4.1-cp310-cp310-musllinux_1_2_x86_64.whl", hash = "sha256:eab677309cdb30d047996b36d34caeda1dc91149e4fdca0b1a039b3f79d9a807"},
    {file = "charset_normalizer-3.4.1-cp310-cp310-win32.whl", hash = "sha256:c0429126cf75e16c4f0ad00ee0eae4242dc652290f940152ca8c75c3a4b6ee8f"},
    {file = "charset_normalizer-3.4.1-cp310-cp310-win_amd64.whl", hash = "sha256:9f0b8b1c6d84c8034a44893aba5e767bf9c7a211e313a9605d9c617d7083829f"},
    {file = "charset_normalizer-3.4.1-cp311-cp311-macosx_10_9_universal2.whl", hash = "sha256:8bfa33f4f2672964266e940dd22a195989ba31669bd84629f05fab3ef4e2d125"},
    {file = "charset_normalizer-3.4.1-cp311-cp311-manylinux_2_17_aarch64.manylinux2014_aarch64.whl", hash = "sha256:28bf57629c75e810b6ae989f03c0828d64d6b26a5e205535585f96093e405ed1"},
    {file = "charset_normalizer-3.4.1-cp311-cp311-manylinux_2_17_ppc64le.manylinux2014_ppc64le.whl", hash = "sha256:f08ff5e948271dc7e18a35641d2f11a4cd8dfd5634f55228b691e62b37125eb3"},
    {file = "charset_normalizer-3.4.1-cp311-cp311-manylinux_2_17_s390x.manylinux2014_s390x.whl", hash = "sha256:234ac59ea147c59ee4da87a0c0f098e9c8d169f4dc2a159ef720f1a61bbe27cd"},
    {file = "charset_normalizer-3.4.1-cp311-cp311-manylinux_2_17_x86_64.manylinux2014_x86_64.whl", hash = "sha256:fd4ec41f914fa74ad1b8304bbc634b3de73d2a0889bd32076342a573e0779e00"},
    {file = "charset_normalizer-3.4.1-cp311-cp311-manylinux_2_5_i686.manylinux1_i686.manylinux_2_17_i686.manylinux2014_i686.whl", hash = "sha256:eea6ee1db730b3483adf394ea72f808b6e18cf3cb6454b4d86e04fa8c4327a12"},
    {file = "charset_normalizer-3.4.1-cp311-cp311-musllinux_1_2_aarch64.whl", hash = "sha256:c96836c97b1238e9c9e3fe90844c947d5afbf4f4c92762679acfe19927d81d77"},
    {file = "charset_normalizer-3.4.1-cp311-cp311-musllinux_1_2_i686.whl", hash = "sha256:4d86f7aff21ee58f26dcf5ae81a9addbd914115cdebcbb2217e4f0ed8982e146"},
    {file = "charset_normalizer-3.4.1-cp311-cp311-musllinux_1_2_ppc64le.whl", hash = "sha256:09b5e6733cbd160dcc09589227187e242a30a49ca5cefa5a7edd3f9d19ed53fd"},
    {file = "charset_normalizer-3.4.1-cp311-cp311-musllinux_1_2_s390x.whl", hash = "sha256:5777ee0881f9499ed0f71cc82cf873d9a0ca8af166dfa0af8ec4e675b7df48e6"},
    {file = "charset_normalizer-3.4.1-cp311-cp311-musllinux_1_2_x86_64.whl", hash = "sha256:237bdbe6159cff53b4f24f397d43c6336c6b0b42affbe857970cefbb620911c8"},
    {file = "charset_normalizer-3.4.1-cp311-cp311-win32.whl", hash = "sha256:8417cb1f36cc0bc7eaba8ccb0e04d55f0ee52df06df3ad55259b9a323555fc8b"},
    {file = "charset_normalizer-3.4.1-cp311-cp311-win_amd64.whl", hash = "sha256:d7f50a1f8c450f3925cb367d011448c39239bb3eb4117c36a6d354794de4ce76"},
    {file = "charset_normalizer-3.4.1-cp312-cp312-macosx_10_13_universal2.whl", hash = "sha256:73d94b58ec7fecbc7366247d3b0b10a21681004153238750bb67bd9012414545"},
    {file = "charset_normalizer-3.4.1-cp312-cp312-manylinux_2_17_aarch64.manylinux2014_aarch64.whl", hash = "sha256:dad3e487649f498dd991eeb901125411559b22e8d7ab25d3aeb1af367df5efd7"},
    {file = "charset_normalizer-3.4.1-cp312-cp312-manylinux_2_17_ppc64le.manylinux2014_ppc64le.whl", hash = "sha256:c30197aa96e8eed02200a83fba2657b4c3acd0f0aa4bdc9f6c1af8e8962e0757"},
    {file = "charset_normalizer-3.4.1-cp312-cp312-manylinux_2_17_s390x.manylinux2014_s390x.whl", hash = "sha256:2369eea1ee4a7610a860d88f268eb39b95cb588acd7235e02fd5a5601773d4fa"},
    {file = "charset_normalizer-3.4.1-cp312-cp312-manylinux_2_17_x86_64.manylinux2014_x86_64.whl", hash = "sha256:bc2722592d8998c870fa4e290c2eec2c1569b87fe58618e67d38b4665dfa680d"},
    {file = "charset_normalizer-3.4.1-cp312-cp312-manylinux_2_5_i686.manylinux1_i686.manylinux_2_17_i686.manylinux2014_i686.whl", hash = "sha256:ffc9202a29ab3920fa812879e95a9e78b2465fd10be7fcbd042899695d75e616"},
    {file = "charset_normalizer-3.4.1-cp312-cp312-musllinux_1_2_aarch64.whl", hash = "sha256:804a4d582ba6e5b747c625bf1255e6b1507465494a40a2130978bda7b932c90b"},
    {file = "charset_normalizer-3.4.1-cp312-cp312-musllinux_1_2_i686.whl", hash = "sha256:0f55e69f030f7163dffe9fd0752b32f070566451afe180f99dbeeb81f511ad8d"},
    {file = "charset_normalizer-3.4.1-cp312-cp312-musllinux_1_2_ppc64le.whl", hash = "sha256:c4c3e6da02df6fa1410a7680bd3f63d4f710232d3139089536310d027950696a"},
    {file = "charset_normalizer-3.4.1-cp312-cp312-musllinux_1_2_s390x.whl", hash = "sha256:5df196eb874dae23dcfb968c83d4f8fdccb333330fe1fc278ac5ceeb101003a9"},
    {file = "charset_normalizer-3.4.1-cp312-cp312-musllinux_1_2_x86_64.whl", hash = "sha256:e358e64305fe12299a08e08978f51fc21fac060dcfcddd95453eabe5b93ed0e1"},
    {file = "charset_normalizer-3.4.1-cp312-cp312-win32.whl", hash = "sha256:9b23ca7ef998bc739bf6ffc077c2116917eabcc901f88da1b9856b210ef63f35"},
    {file = "charset_normalizer-3.4.1-cp312-cp312-win_amd64.whl", hash = "sha256:6ff8a4a60c227ad87030d76e99cd1698345d4491638dfa6673027c48b3cd395f"},
    {file = "charset_normalizer-3.4.1-cp313-cp313-macosx_10_13_universal2.whl", hash = "sha256:aabfa34badd18f1da5ec1bc2715cadc8dca465868a4e73a0173466b688f29dda"},
    {file = "charset_normalizer-3.4.1-cp313-cp313-manylinux_2_17_aarch64.manylinux2014_aarch64.whl", hash = "sha256:22e14b5d70560b8dd51ec22863f370d1e595ac3d024cb8ad7d308b4cd95f8313"},
    {file = "charset_normalizer-3.4.1-cp313-cp313-manylinux_2_17_ppc64le.manylinux2014_ppc64le.whl", hash = "sha256:8436c508b408b82d87dc5f62496973a1805cd46727c34440b0d29d8a2f50a6c9"},
    {file = "charset_normalizer-3.4.1-cp313-cp313-manylinux_2_17_s390x.manylinux2014_s390x.whl", hash = "sha256:2d074908e1aecee37a7635990b2c6d504cd4766c7bc9fc86d63f9c09af3fa11b"},
    {file = "charset_normalizer-3.4.1-cp313-cp313-manylinux_2_17_x86_64.manylinux2014_x86_64.whl", hash = "sha256:955f8851919303c92343d2f66165294848d57e9bba6cf6e3625485a70a038d11"},
    {file = "charset_normalizer-3.4.1-cp313-cp313-manylinux_2_5_i686.manylinux1_i686.manylinux_2_17_i686.manylinux2014_i686.whl", hash = "sha256:44ecbf16649486d4aebafeaa7ec4c9fed8b88101f4dd612dcaf65d5e815f837f"},
    {file = "charset_normalizer-3.4.1-cp313-cp313-musllinux_1_2_aarch64.whl", hash = "sha256:0924e81d3d5e70f8126529951dac65c1010cdf117bb75eb02dd12339b57749dd"},
    {file = "charset_normalizer-3.4.1-cp313-cp313-musllinux_1_2_i686.whl", hash = "sha256:2967f74ad52c3b98de4c3b32e1a44e32975e008a9cd2a8cc8966d6a5218c5cb2"},
    {file = "charset_normalizer-3.4.1-cp313-cp313-musllinux_1_2_ppc64le.whl", hash = "sha256:c75cb2a3e389853835e84a2d8fb2b81a10645b503eca9bcb98df6b5a43eb8886"},
    {file = "charset_normalizer-3.4.1-cp313-cp313-musllinux_1_2_s390x.whl", hash = "sha256:09b26ae6b1abf0d27570633b2b078a2a20419c99d66fb2823173d73f188ce601"},
    {file = "charset_normalizer-3.4.1-cp313-cp313-musllinux_1_2_x86_64.whl", hash = "sha256:fa88b843d6e211393a37219e6a1c1df99d35e8fd90446f1118f4216e307e48cd"},
    {file = "charset_normalizer-3.4.1-cp313-cp313-win32.whl", hash = "sha256:eb8178fe3dba6450a3e024e95ac49ed3400e506fd4e9e5c32d30adda88cbd407"},
    {file = "charset_normalizer-3.4.1-cp313-cp313-win_amd64.whl", hash = "sha256:b1ac5992a838106edb89654e0aebfc24f5848ae2547d22c2c3f66454daa11971"},
    {file = "charset_normalizer-3.4.1-cp37-cp37m-manylinux_2_17_aarch64.manylinux2014_aarch64.whl", hash = "sha256:f30bf9fd9be89ecb2360c7d94a711f00c09b976258846efe40db3d05828e8089"},
    {file = "charset_normalizer-3.4.1-cp37-cp37m-manylinux_2_17_ppc64le.manylinux2014_ppc64le.whl", hash = "sha256:97f68b8d6831127e4787ad15e6757232e14e12060bec17091b85eb1486b91d8d"},
    {file = "charset_normalizer-3.4.1-cp37-cp37m-manylinux_2_17_s390x.manylinux2014_s390x.whl", hash = "sha256:7974a0b5ecd505609e3b19742b60cee7aa2aa2fb3151bc917e6e2646d7667dcf"},
    {file = "charset_normalizer-3.4.1-cp37-cp37m-manylinux_2_17_x86_64.manylinux2014_x86_64.whl", hash = "sha256:fc54db6c8593ef7d4b2a331b58653356cf04f67c960f584edb7c3d8c97e8f39e"},
    {file = "charset_normalizer-3.4.1-cp37-cp37m-manylinux_2_5_i686.manylinux1_i686.manylinux_2_17_i686.manylinux2014_i686.whl", hash = "sha256:311f30128d7d333eebd7896965bfcfbd0065f1716ec92bd5638d7748eb6f936a"},
    {file = "charset_normalizer-3.4.1-cp37-cp37m-musllinux_1_2_aarch64.whl", hash = "sha256:7d053096f67cd1241601111b698f5cad775f97ab25d81567d3f59219b5f1adbd"},
    {file = "charset_normalizer-3.4.1-cp37-cp37m-musllinux_1_2_i686.whl", hash = "sha256:807f52c1f798eef6cf26beb819eeb8819b1622ddfeef9d0977a8502d4db6d534"},
    {file = "charset_normalizer-3.4.1-cp37-cp37m-musllinux_1_2_ppc64le.whl", hash = "sha256:dccbe65bd2f7f7ec22c4ff99ed56faa1e9f785482b9bbd7c717e26fd723a1d1e"},
    {file = "charset_normalizer-3.4.1-cp37-cp37m-musllinux_1_2_s390x.whl", hash = "sha256:2fb9bd477fdea8684f78791a6de97a953c51831ee2981f8e4f583ff3b9d9687e"},
    {file = "charset_normalizer-3.4.1-cp37-cp37m-musllinux_1_2_x86_64.whl", hash = "sha256:01732659ba9b5b873fc117534143e4feefecf3b2078b0a6a2e925271bb6f4cfa"},
    {file = "charset_normalizer-3.4.1-cp37-cp37m-win32.whl", hash = "sha256:7a4f97a081603d2050bfaffdefa5b02a9ec823f8348a572e39032caa8404a487"},
    {file = "charset_normalizer-3.4.1-cp37-cp37m-win_amd64.whl", hash = "sha256:7b1bef6280950ee6c177b326508f86cad7ad4dff12454483b51d8b7d673a2c5d"},
    {file = "charset_normalizer-3.4.1-cp38-cp38-macosx_10_9_universal2.whl", hash = "sha256:ecddf25bee22fe4fe3737a399d0d177d72bc22be6913acfab364b40bce1ba83c"},
    {file = "charset_normalizer-3.4.1-cp38-cp38-manylinux_2_17_aarch64.manylinux2014_aarch64.whl", hash = "sha256:8c60ca7339acd497a55b0ea5d506b2a2612afb2826560416f6894e8b5770d4a9"},
    {file = "charset_normalizer-3.4.1-cp38-cp38-manylinux_2_17_ppc64le.manylinux2014_ppc64le.whl", hash = "sha256:b7b2d86dd06bfc2ade3312a83a5c364c7ec2e3498f8734282c6c3d4b07b346b8"},
    {file = "charset_normalizer-3.4.1-cp38-cp38-manylinux_2_17_s390x.manylinux2014_s390x.whl", hash = "sha256:dd78cfcda14a1ef52584dbb008f7ac81c1328c0f58184bf9a84c49c605002da6"},
    {file = "charset_normalizer-3.4.1-cp38-cp38-manylinux_2_17_x86_64.manylinux2014_x86_64.whl", hash = "sha256:6e27f48bcd0957c6d4cb9d6fa6b61d192d0b13d5ef563e5f2ae35feafc0d179c"},
    {file = "charset_normalizer-3.4.1-cp38-cp38-manylinux_2_5_i686.manylinux1_i686.manylinux_2_17_i686.manylinux2014_i686.whl", hash = "sha256:01ad647cdd609225c5350561d084b42ddf732f4eeefe6e678765636791e78b9a"},
    {file = "charset_normalizer-3.4.1-cp38-cp38-musllinux_1_2_aarch64.whl", hash = "sha256:619a609aa74ae43d90ed2e89bdd784765de0a25ca761b93e196d938b8fd1dbbd"},
    {file = "charset_normalizer-3.4.1-cp38-cp38-musllinux_1_2_i686.whl", hash = "sha256:89149166622f4db9b4b6a449256291dc87a99ee53151c74cbd82a53c8c2f6ccd"},
    {file = "charset_normalizer-3.4.1-cp38-cp38-musllinux_1_2_ppc64le.whl", hash = "sha256:7709f51f5f7c853f0fb938bcd3bc59cdfdc5203635ffd18bf354f6967ea0f824"},
    {file = "charset_normalizer-3.4.1-cp38-cp38-musllinux_1_2_s390x.whl", hash = "sha256:345b0426edd4e18138d6528aed636de7a9ed169b4aaf9d61a8c19e39d26838ca"},
    {file = "charset_normalizer-3.4.1-cp38-cp38-musllinux_1_2_x86_64.whl", hash = "sha256:0907f11d019260cdc3f94fbdb23ff9125f6b5d1039b76003b5b0ac9d6a6c9d5b"},
    {file = "charset_normalizer-3.4.1-cp38-cp38-win32.whl", hash = "sha256:ea0d8d539afa5eb2728aa1932a988a9a7af94f18582ffae4bc10b3fbdad0626e"},
    {file = "charset_normalizer-3.4.1-cp38-cp38-win_amd64.whl", hash = "sha256:329ce159e82018d646c7ac45b01a430369d526569ec08516081727a20e9e4af4"},
    {file = "charset_normalizer-3.4.1-cp39-cp39-macosx_10_9_universal2.whl", hash = "sha256:b97e690a2118911e39b4042088092771b4ae3fc3aa86518f84b8cf6888dbdb41"},
    {file = "charset_normalizer-3.4.1-cp39-cp39-manylinux_2_17_aarch64.manylinux2014_aarch64.whl", hash = "sha256:78baa6d91634dfb69ec52a463534bc0df05dbd546209b79a3880a34487f4b84f"},
    {file = "charset_normalizer-3.4.1-cp39-cp39-manylinux_2_17_ppc64le.manylinux2014_ppc64le.whl", hash = "sha256:1a2bc9f351a75ef49d664206d51f8e5ede9da246602dc2d2726837620ea034b2"},
    {file = "charset_normalizer-3.4.1-cp39-cp39-manylinux_2_17_s390x.manylinux2014_s390x.whl", hash = "sha256:75832c08354f595c760a804588b9357d34ec00ba1c940c15e31e96d902093770"},
    {file = "charset_normalizer-3.4.1-cp39-cp39-manylinux_2_17_x86_64.manylinux2014_x86_64.whl", hash = "sha256:0af291f4fe114be0280cdd29d533696a77b5b49cfde5467176ecab32353395c4"},
    {file = "charset_normalizer-3.4.1-cp39-cp39-manylinux_2_5_i686.manylinux1_i686.manylinux_2_17_i686.manylinux2014_i686.whl", hash = "sha256:0167ddc8ab6508fe81860a57dd472b2ef4060e8d378f0cc555707126830f2537"},
    {file = "charset_normalizer-3.4.1-cp39-cp39-musllinux_1_2_aarch64.whl", hash = "sha256:2a75d49014d118e4198bcee5ee0a6f25856b29b12dbf7cd012791f8a6cc5c496"},
    {file = "charset_normalizer-3.4.1-cp39-cp39-musllinux_1_2_i686.whl", hash = "sha256:363e2f92b0f0174b2f8238240a1a30142e3db7b957a5dd5689b0e75fb717cc78"},
    {file = "charset_normalizer-3.4.1-cp39-cp39-musllinux_1_2_ppc64le.whl", hash = "sha256:ab36c8eb7e454e34e60eb55ca5d241a5d18b2c6244f6827a30e451c42410b5f7"},
    {file = "charset_normalizer-3.4.1-cp39-cp39-musllinux_1_2_s390x.whl", hash = "sha256:4c0907b1928a36d5a998d72d64d8eaa7244989f7aaaf947500d3a800c83a3fd6"},
    {file = "charset_normalizer-3.4.1-cp39-cp39-musllinux_1_2_x86_64.whl", hash = "sha256:04432ad9479fa40ec0f387795ddad4437a2b50417c69fa275e212933519ff294"},
    {file = "charset_normalizer-3.4.1-cp39-cp39-win32.whl", hash = "sha256:3bed14e9c89dcb10e8f3a29f9ccac4955aebe93c71ae803af79265c9ca5644c5"},
    {file = "charset_normalizer-3.4.1-cp39-cp39-win_amd64.whl", hash = "sha256:49402233c892a461407c512a19435d1ce275543138294f7ef013f0b63d5d3765"},
    {file = "charset_normalizer-3.4.1-py3-none-any.whl", hash = "sha256:d98b1668f06378c6dbefec3b92299716b931cd4e6061f3c875a71ced1780ab85"},
    {file = "charset_normalizer-3.4.1.tar.gz", hash = "sha256:44251f18cd68a75b56585dd00dae26183e102cd5e0f9f1466e6df5da2ed64ea3"},
]

[[package]]
name = "cmd2"
version = "2.5.11"
description = "cmd2 - quickly build feature-rich and user-friendly interactive command line applications in Python"
optional = false
python-versions = ">=3.8"
files = [
    {file = "cmd2-2.5.11-py3-none-any.whl", hash = "sha256:cbc79525e423dc2085ef7922cdc5586d1fedaecb768cdfb05e5482ee0740b755"},
    {file = "cmd2-2.5.11.tar.gz", hash = "sha256:30a0d385021fbe4a4116672845e5695bbe56eb682f9096066776394f954a7429"},
]

[package.dependencies]
gnureadline = {version = ">=8", markers = "platform_system == \"Darwin\""}
pyperclip = ">=1.8"
pyreadline3 = {version = ">=3.4", markers = "platform_system == \"Windows\""}
wcwidth = ">=0.2.10"

[[package]]
name = "gnureadline"
version = "8.2.13"
description = "The standard Python readline extension statically linked against the GNU readline library."
optional = false
python-versions = "*"
files = [
    {file = "gnureadline-8.2.13-cp310-cp310-macosx_10_9_x86_64.whl", hash = "sha256:0ca03501ce0939d7ecf9d075860d6f6ceb2f49f30331b4e96e4678ce03687bab"},
    {file = "gnureadline-8.2.13-cp310-cp310-macosx_11_0_arm64.whl", hash = "sha256:c28e33bfc56d4204693f213abeab927f65c505ce91f668a039720bc7c46b0353"},
    {file = "gnureadline-8.2.13-cp310-cp310-manylinux_2_17_aarch64.manylinux2014_aarch64.whl", hash = "sha256:6472e3a780087eecd67c03e5455aecb209de51bcae74583222976f6b816f6192"},
    {file = "gnureadline-8.2.13-cp310-cp310-manylinux_2_17_x86_64.manylinux2014_x86_64.whl", hash = "sha256:94b143ea5d22b0c1ca4a591265afe135272c69b7757e968e34fbb47a7858d1ce"},
    {file = "gnureadline-8.2.13-cp311-cp311-macosx_10_9_x86_64.whl", hash = "sha256:561a60b12f74ea7234036cc4fe558f3b46023be0dac5ed73541ece58cba2f88a"},
    {file = "gnureadline-8.2.13-cp311-cp311-macosx_11_0_arm64.whl", hash = "sha256:daa405028b9fe92bfbb93624e13e0674a242a1c5434b70ef61a04294502fdb65"},
    {file = "gnureadline-8.2.13-cp311-cp311-manylinux_2_17_aarch64.manylinux2014_aarch64.whl", hash = "sha256:576dac060887adc6067ee9d23fb2f0031fb2b3e560e07a6c9e666e05f0473af7"},
    {file = "gnureadline-8.2.13-cp311-cp311-manylinux_2_17_x86_64.manylinux2014_x86_64.whl", hash = "sha256:10fcaf561bc4ed6ab7075ab3ead188a18faaf4e6e92d916f81a09c0a670ce906"},
    {file = "gnureadline-8.2.13-cp312-cp312-macosx_10_13_x86_64.whl", hash = "sha256:9c152a82613fa012ab4331bb9a0ffddb415e37561d376b910bf9e7d535607faf"},
    {file = "gnureadline-8.2.13-cp312-cp312-macosx_11_0_arm64.whl", hash = "sha256:85e362d2d0e85e45f0affae7bbfaf998b00167c55a78d31ee0f214de9ff429d2"},
    {file = "gnureadline-8.2.13-cp312-cp312-manylinux_2_17_aarch64.manylinux2014_aarch64.whl", hash = "sha256:b69e6608cc94e110018b721a11718d480a6330e0b62cbab65a22880e84011205"},
    {file = "gnureadline-8.2.13-cp312-cp312-manylinux_2_17_x86_64.manylinux2014_x86_64.whl", hash = "sha256:0cc77fc9c8a8fcf10e0a554e49ee763219683386b8f906b7e6ef07c9e40e8420"},
    {file = "gnureadline-8.2.13-cp313-cp313-macosx_10_13_x86_64.whl", hash = "sha256:2d3e33d2e0dd694d623a2ca1fae6990b52f1d25955504b7293a9350fb9912940"},
    {file = "gnureadline-8.2.13-cp313-cp313-macosx_11_0_arm64.whl", hash = "sha256:6c550d08c4d2882a83293a724b14a262ee5078fd4fa7acdc78aa59cab26ae343"},
    {file = "gnureadline-8.2.13-cp313-cp313-manylinux_2_17_aarch64.manylinux2014_aarch64.whl", hash = "sha256:a7d6e3f5d9fd0cf8a84fb382d4e3ad2914331be4d929f17d50da01f1571c4b03"},
    {file = "gnureadline-8.2.13-cp313-cp313-manylinux_2_17_x86_64.manylinux2014_x86_64.whl", hash = "sha256:f59275168cae1b02ca1ec7586a9804bb04ce427df92f8582a80d16e96c846b78"},
    {file = "gnureadline-8.2.13-cp36-cp36m-macosx_10_9_x86_64.whl", hash = "sha256:59c5505026646da6d5ced6a5316d6d191d011e8be422cba4abce71730ef37dc6"},
    {file = "gnureadline-8.2.13-cp36-cp36m-manylinux_2_17_aarch64.manylinux2014_aarch64.whl", hash = "sha256:3f1050ecf789f34d0ab0aacdb605f177725009a864e0038e70380614af92dc0d"},
    {file = "gnureadline-8.2.13-cp36-cp36m-manylinux_2_17_x86_64.manylinux2014_x86_64.whl", hash = "sha256:23b43c8e9e2e6566cb3094749826181a86dba1d94b1e023b5f9923dc26e37876"},
    {file = "gnureadline-8.2.13-cp37-cp37m-macosx_10_9_x86_64.whl", hash = "sha256:4f5fc90af56a1ae6f88c9c7122fc76141c395b6c342a63800abed8c813f48b85"},
    {file = "gnureadline-8.2.13-cp37-cp37m-manylinux_2_17_aarch64.manylinux2014_aarch64.whl", hash = "sha256:d708e8f655d3b556a138f13e9fcb2d8a10a6901e3125c04cad5ef7c883191fe8"},
    {file = "gnureadline-8.2.13-cp37-cp37m-manylinux_2_17_x86_64.manylinux2014_x86_64.whl", hash = "sha256:265bcf6ef7082e130160fb34b9664284affb216a22c5bffcd518b35d02bcc4e9"},
    {file = "gnureadline-8.2.13-cp38-cp38-macosx_10_9_x86_64.whl", hash = "sha256:07231f8191adb7f204010a86a91df9df9a80944981a16576a471f59304ad6a16"},
    {file = "gnureadline-8.2.13-cp38-cp38-manylinux_2_17_aarch64.manylinux2014_aarch64.whl", hash = "sha256:30cc1b6cb11d94554815cb91eb1dfa6a11887185aae50f253adaa393e91c6a86"},
    {file = "gnureadline-8.2.13-cp38-cp38-manylinux_2_17_x86_64.manylinux2014_x86_64.whl", hash = "sha256:50c40bfffffa82d4fcb0fde4940d4ff128ba2f876c1da09bae9d6d9ff770095e"},
    {file = "gnureadline-8.2.13-cp39-cp39-macosx_10_9_x86_64.whl", hash = "sha256:dcfa601d95c00aa670ec5e4bf791caf6ba0bcf266de940fb54d44c278bd302fe"},
    {file = "gnureadline-8.2.13-cp39-cp39-macosx_11_0_arm64.whl", hash = "sha256:c7b8d3f2a2c9b7e6feaf1f20bdb6ebb8210e207b8c5360ffe407a47efeeb3fb8"},
    {file = "gnureadline-8.2.13-cp39-cp39-manylinux_2_17_aarch64.manylinux2014_aarch64.whl", hash = "sha256:811d85a70ac97cddeb1755282915e8a93c279dcf89513426f28617b8feff5aec"},
    {file = "gnureadline-8.2.13-cp39-cp39-manylinux_2_17_x86_64.manylinux2014_x86_64.whl", hash = "sha256:4f57a3aa97c3379b2513c8bfbac0de2dfb41f695623c0b2ad337babb646b51a7"},
    {file = "gnureadline-8.2.13.tar.gz", hash = "sha256:c9b9e1e7ba99a80bb50c12027d6ce692574f77a65bf57bc97041cf81c0f49bd1"},
]

[[package]]
name = "idna"
version = "3.10"
description = "Internationalized Domain Names in Applications (IDNA)"
optional = false
python-versions = ">=3.6"
files = [
    {file = "idna-3.10-py3-none-any.whl", hash = "sha256:946d195a0d259cbba61165e88e65941f16e9b36ea6ddb97f00452bae8b1287d3"},
    {file = "idna-3.10.tar.gz", hash = "sha256:12f65c9b470abda6dc35cf8e63cc574b1c52b11df2c86030af0ac09b01b13ea9"},
]

[package.extras]
all = ["flake8 (>=7.1.1)", "mypy (>=1.11.2)", "pytest (>=8.3.2)", "ruff (>=0.6.2)"]

[[package]]
name = "pyperclip"
version = "1.9.0"
description = "A cross-platform clipboard module for Python. (Only handles plain text for now.)"
optional = false
python-versions = "*"
files = [
    {file = "pyperclip-1.9.0.tar.gz", hash = "sha256:b7de0142ddc81bfc5c7507eea19da920b92252b548b96186caf94a5e2527d310"},
]

[[package]]
name = "pyreadline3"
version = "3.5.4"
description = "A python implementation of GNU readline."
optional = false
python-versions = ">=3.8"
files = [
    {file = "pyreadline3-3.5.4-py3-none-any.whl", hash = "sha256:eaf8e6cc3c49bcccf145fc6067ba8643d1df34d604a1ec0eccbf7a18e6d3fae6"},
    {file = "pyreadline3-3.5.4.tar.gz", hash = "sha256:8d57d53039a1c75adba8e50dd3d992b28143480816187ea5efbd5c78e6c885b7"},
]

[package.extras]
dev = ["build", "flake8", "mypy", "pytest", "twine"]

[[package]]
name = "python-dotenv"
version = "1.0.1"
description = "Read key-value pairs from a .env file and set them as environment variables"
optional = false
python-versions = ">=3.8"
files = [
    {file = "python-dotenv-1.0.1.tar.gz", hash = "sha256:e324ee90a023d808f1959c46bcbc04446a10ced277783dc6ee09987c37ec10ca"},
    {file = "python_dotenv-1.0.1-py3-none-any.whl", hash = "sha256:f7b63ef50f1b690dddf550d03497b66d609393b40b564ed0d674909a68ebf16a"},
]

[package.extras]
cli = ["click (>=5.0)"]

[[package]]
name = "rapidfuzz"
version = "3.12.2"
description = "rapid fuzzy string matching"
optional = false
python-versions = ">=3.9"
files = [
    {file = "rapidfuzz-3.12.2-cp310-cp310-macosx_10_9_x86_64.whl", hash = "sha256:0b9a75e0385a861178adf59e86d6616cbd0d5adca7228dc9eeabf6f62cf5b0b1"},
    {file = "rapidfuzz-3.12.2-cp310-cp310-macosx_11_0_arm64.whl", hash = "sha256:6906a7eb458731e3dd2495af1d0410e23a21a2a2b7ced535e6d5cd15cb69afc5"},
    {file = "rapidfuzz-3.12.2-cp310-cp310-manylinux_2_17_aarch64.manylinux2014_aarch64.whl", hash = "sha256:f4b3334a8958b689f292d5ce8a928140ac98919b51e084f04bf0c14276e4c6ba"},
    {file = "rapidfuzz-3.12.2-cp310-cp310-manylinux_2_17_i686.manylinux2014_i686.whl", hash = "sha256:85a54ce30345cff2c79cbcffa063f270ad1daedd0d0c3ff6e541d3c3ba4288cf"},
    {file = "rapidfuzz-3.12.2-cp310-cp310-manylinux_2_17_ppc64le.manylinux2014_ppc64le.whl", hash = "sha256:acb63c5072c08058f8995404201a52fc4e1ecac105548a4d03c6c6934bda45a3"},
    {file = "rapidfuzz-3.12.2-cp310-cp310-manylinux_2_17_s390x.manylinux2014_s390x.whl", hash = "sha256:5385398d390c6571f0f2a7837e6ddde0c8b912dac096dc8c87208ce9aaaa7570"},
    {file = "rapidfuzz-3.12.2-cp310-cp310-manylinux_2_17_x86_64.manylinux2014_x86_64.whl", hash = "sha256:5032cbffa245b4beba0067f8ed17392ef2501b346ae3c1f1d14b950edf4b6115"},
    {file = "rapidfuzz-3.12.2-cp310-cp310-musllinux_1_2_aarch64.whl", hash = "sha256:195adbb384d89d6c55e2fd71e7fb262010f3196e459aa2f3f45f31dd7185fe72"},
    {file = "rapidfuzz-3.12.2-cp310-cp310-musllinux_1_2_i686.whl", hash = "sha256:f43b773a4d4950606fb25568ecde5f25280daf8f97b87eb323e16ecd8177b328"},
    {file = "rapidfuzz-3.12.2-cp310-cp310-musllinux_1_2_ppc64le.whl", hash = "sha256:55a43be0e0fa956a919043c19d19bd988991d15c59f179d413fe5145ed9deb43"},
    {file = "rapidfuzz-3.12.2-cp310-cp310-musllinux_1_2_s390x.whl", hash = "sha256:71cf1ea16acdebe9e2fb62ee7a77f8f70e877bebcbb33b34e660af2eb6d341d9"},
    {file = "rapidfuzz-3.12.2-cp310-cp310-musllinux_1_2_x86_64.whl", hash = "sha256:a3692d4ab36d44685f61326dca539975a4eda49b2a76f0a3df177d8a2c0de9d2"},
    {file = "rapidfuzz-3.12.2-cp310-cp310-win32.whl", hash = "sha256:09227bd402caa4397ba1d6e239deea635703b042dd266a4092548661fb22b9c6"},
    {file = "rapidfuzz-3.12.2-cp310-cp310-win_amd64.whl", hash = "sha256:0f05b7b95f9f87254b53fa92048367a8232c26cee7fc8665e4337268c3919def"},
    {file = "rapidfuzz-3.12.2-cp310-cp310-win_arm64.whl", hash = "sha256:6938738e00d9eb6e04097b3f565097e20b0c398f9c58959a2bc64f7f6be3d9da"},
    {file = "rapidfuzz-3.12.2-cp311-cp311-macosx_10_9_x86_64.whl", hash = "sha256:e9c4d984621ae17404c58f8d06ed8b025e167e52c0e6a511dfec83c37e9220cd"},
    {file = "rapidfuzz-3.12.2-cp311-cp311-macosx_11_0_arm64.whl", hash = "sha256:9f9132c55d330f0a1d34ce6730a76805323a6250d97468a1ca766a883d6a9a25"},
    {file = "rapidfuzz-3.12.2-cp311-cp311-manylinux_2_17_aarch64.manylinux2014_aarch64.whl", hash = "sha256:39b343b6cb4b2c3dbc8d2d4c5ee915b6088e3b144ddf8305a57eaab16cf9fc74"},
    {file = "rapidfuzz-3.12.2-cp311-cp311-manylinux_2_17_i686.manylinux2014_i686.whl", hash = "sha256:24081077b571ec4ee6d5d7ea0e49bc6830bf05b50c1005028523b9cd356209f3"},
    {file = "rapidfuzz-3.12.2-cp311-cp311-manylinux_2_17_ppc64le.manylinux2014_ppc64le.whl", hash = "sha256:c988a4fc91856260355773bf9d32bebab2083d4c6df33fafeddf4330e5ae9139"},
    {file = "rapidfuzz-3.12.2-cp311-cp311-manylinux_2_17_s390x.manylinux2014_s390x.whl", hash = "sha256:780b4469ee21cf62b1b2e8ada042941fd2525e45d5fb6a6901a9798a0e41153c"},
    {file = "rapidfuzz-3.12.2-cp311-cp311-manylinux_2_17_x86_64.manylinux2014_x86_64.whl", hash = "sha256:edd84b0a323885493c893bad16098c5e3b3005d7caa995ae653da07373665d97"},
    {file = "rapidfuzz-3.12.2-cp311-cp311-musllinux_1_2_aarch64.whl", hash = "sha256:efa22059c765b3d8778083805b199deaaf643db070f65426f87d274565ddf36a"},
    {file = "rapidfuzz-3.12.2-cp311-cp311-musllinux_1_2_i686.whl", hash = "sha256:095776b11bb45daf7c2973dd61cc472d7ea7f2eecfa454aef940b4675659b92f"},
    {file = "rapidfuzz-3.12.2-cp311-cp311-musllinux_1_2_ppc64le.whl", hash = "sha256:7e2574cf4aa86065600b664a1ac7b8b8499107d102ecde836aaaa403fc4f1784"},
    {file = "rapidfuzz-3.12.2-cp311-cp311-musllinux_1_2_s390x.whl", hash = "sha256:d5a3425a6c50fd8fbd991d8f085ddb504791dae6ef9cc3ab299fea2cb5374bef"},
    {file = "rapidfuzz-3.12.2-cp311-cp311-musllinux_1_2_x86_64.whl", hash = "sha256:97fb05e1ddb7b71a054040af588b0634214ee87cea87900d309fafc16fd272a4"},
    {file = "rapidfuzz-3.12.2-cp311-cp311-win32.whl", hash = "sha256:b4c5a0413589aef936892fbfa94b7ff6f7dd09edf19b5a7b83896cc9d4e8c184"},
    {file = "rapidfuzz-3.12.2-cp311-cp311-win_amd64.whl", hash = "sha256:58d9ae5cf9246d102db2a2558b67fe7e73c533e5d769099747921232d88b9be2"},
    {file = "rapidfuzz-3.12.2-cp311-cp311-win_arm64.whl", hash = "sha256:7635fe34246cd241c8e35eb83084e978b01b83d5ef7e5bf72a704c637f270017"},
    {file = "rapidfuzz-3.12.2-cp312-cp312-macosx_10_13_x86_64.whl", hash = "sha256:1d982a651253ffe8434d9934ff0c1089111d60502228464721a2a4587435e159"},
    {file = "rapidfuzz-3.12.2-cp312-cp312-macosx_11_0_arm64.whl", hash = "sha256:02e6466caa0222d5233b1f05640873671cd99549a5c5ba4c29151634a1e56080"},
    {file = "rapidfuzz-3.12.2-cp312-cp312-manylinux_2_17_aarch64.manylinux2014_aarch64.whl", hash = "sha256:e956b3f053e474abae69ac693a52742109d860ac2375fe88e9387d3277f4c96c"},
    {file = "rapidfuzz-3.12.2-cp312-cp312-manylinux_2_17_i686.manylinux2014_i686.whl", hash = "sha256:2dee7d740a2d5418d4f964f39ab8d89923e6b945850db833e798a1969b19542a"},
    {file = "rapidfuzz-3.12.2-cp312-cp312-manylinux_2_17_ppc64le.manylinux2014_ppc64le.whl", hash = "sha256:a057cdb0401e42c84b6516c9b1635f7aedd5e430c6e388bd5f6bcd1d6a0686bb"},
    {file = "rapidfuzz-3.12.2-cp312-cp312-manylinux_2_17_s390x.manylinux2014_s390x.whl", hash = "sha256:dccf8d4fb5b86d39c581a59463c596b1d09df976da26ff04ae219604223d502f"},
    {file = "rapidfuzz-3.12.2-cp312-cp312-manylinux_2_17_x86_64.manylinux2014_x86_64.whl", hash = "sha256:21d5b3793c6f5aecca595cd24164bf9d3c559e315ec684f912146fc4e769e367"},
    {file = "rapidfuzz-3.12.2-cp312-cp312-musllinux_1_2_aarch64.whl", hash = "sha256:46a616c0e13cff2de1761b011e0b14bb73b110182f009223f1453d505c9a975c"},
    {file = "rapidfuzz-3.12.2-cp312-cp312-musllinux_1_2_i686.whl", hash = "sha256:19fa5bc4301a1ee55400d4a38a8ecf9522b0391fc31e6da5f4d68513fe5c0026"},
    {file = "rapidfuzz-3.12.2-cp312-cp312-musllinux_1_2_ppc64le.whl", hash = "sha256:544a47190a0d25971658a9365dba7095397b4ce3e897f7dd0a77ca2cf6fa984e"},
    {file = "rapidfuzz-3.12.2-cp312-cp312-musllinux_1_2_s390x.whl", hash = "sha256:f21af27c5e001f0ba1b88c36a0936437dfe034c452548d998891c21125eb640f"},
    {file = "rapidfuzz-3.12.2-cp312-cp312-musllinux_1_2_x86_64.whl", hash = "sha256:b63170d9db00629b5b3f2862114d8d6ee19127eaba0eee43762d62a25817dbe0"},
    {file = "rapidfuzz-3.12.2-cp312-cp312-win32.whl", hash = "sha256:6c7152d77b2eb6bfac7baa11f2a9c45fd5a2d848dbb310acd0953b3b789d95c9"},
    {file = "rapidfuzz-3.12.2-cp312-cp312-win_amd64.whl", hash = "sha256:1a314d170ee272ac87579f25a6cf8d16a031e1f7a7b07663434b41a1473bc501"},
    {file = "rapidfuzz-3.12.2-cp312-cp312-win_arm64.whl", hash = "sha256:d41e8231326e94fd07c4d8f424f6bed08fead6f5e6688d1e6e787f1443ae7631"},
    {file = "rapidfuzz-3.12.2-cp313-cp313-macosx_10_13_x86_64.whl", hash = "sha256:941f31038dba5d3dedcfcceba81d61570ad457c873a24ceb13f4f44fcb574260"},
    {file = "rapidfuzz-3.12.2-cp313-cp313-macosx_11_0_arm64.whl", hash = "sha256:fe2dfc454ee51ba168a67b1e92b72aad251e45a074972cef13340bbad2fd9438"},
    {file = "rapidfuzz-3.12.2-cp313-cp313-manylinux_2_17_aarch64.manylinux2014_aarch64.whl", hash = "sha256:78fafaf7f5a48ee35ccd7928339080a0136e27cf97396de45259eca1d331b714"},
    {file = "rapidfuzz-3.12.2-cp313-cp313-manylinux_2_17_i686.manylinux2014_i686.whl", hash = "sha256:e0c7989ff32c077bb8fd53253fd6ca569d1bfebc80b17557e60750e6909ba4fe"},
    {file = "rapidfuzz-3.12.2-cp313-cp313-manylinux_2_17_ppc64le.manylinux2014_ppc64le.whl", hash = "sha256:96fa00bc105caa34b6cd93dca14a29243a3a7f0c336e4dcd36348d38511e15ac"},
    {file = "rapidfuzz-3.12.2-cp313-cp313-manylinux_2_17_s390x.manylinux2014_s390x.whl", hash = "sha256:bccfb30c668620c5bc3490f2dc7d7da1cca0ead5a9da8b755e2e02e2ef0dff14"},
    {file = "rapidfuzz-3.12.2-cp313-cp313-manylinux_2_17_x86_64.manylinux2014_x86_64.whl", hash = "sha256:2f9b0adc3d894beb51f5022f64717b6114a6fabaca83d77e93ac7675911c8cc5"},
    {file = "rapidfuzz-3.12.2-cp313-cp313-musllinux_1_2_aarch64.whl", hash = "sha256:32691aa59577f42864d5535cb6225d0f47e2c7bff59cf4556e5171e96af68cc1"},
    {file = "rapidfuzz-3.12.2-cp313-cp313-musllinux_1_2_i686.whl", hash = "sha256:758b10380ad34c1f51753a070d7bb278001b5e6fcf544121c6df93170952d705"},
    {file = "rapidfuzz-3.12.2-cp313-cp313-musllinux_1_2_ppc64le.whl", hash = "sha256:50a9c54c0147b468363119132d514c5024fbad1ed8af12bd8bd411b0119f9208"},
    {file = "rapidfuzz-3.12.2-cp313-cp313-musllinux_1_2_s390x.whl", hash = "sha256:e3ceb87c11d2d0fbe8559bb795b0c0604b84cfc8bb7b8720b5c16e9e31e00f41"},
    {file = "rapidfuzz-3.12.2-cp313-cp313-musllinux_1_2_x86_64.whl", hash = "sha256:f7c9a003002434889255ff5676ca0f8934a478065ab5e702f75dc42639505bba"},
    {file = "rapidfuzz-3.12.2-cp313-cp313-win32.whl", hash = "sha256:cf165a76870cd875567941cf861dfd361a0a6e6a56b936c5d30042ddc9def090"},
    {file = "rapidfuzz-3.12.2-cp313-cp313-win_amd64.whl", hash = "sha256:55bcc003541f5f16ec0a73bf6de758161973f9e8d75161954380738dd147f9f2"},
    {file = "rapidfuzz-3.12.2-cp313-cp313-win_arm64.whl", hash = "sha256:69f6ecdf1452139f2b947d0c169a605de578efdb72cbb2373cb0a94edca1fd34"},
    {file = "rapidfuzz-3.12.2-cp39-cp39-macosx_10_9_x86_64.whl", hash = "sha256:c4c852cd8bed1516a64fd6e2d4c6f270d4356196ee03fda2af1e5a9e13c34643"},
    {file = "rapidfuzz-3.12.2-cp39-cp39-macosx_11_0_arm64.whl", hash = "sha256:42e7f747b55529a6d0d1588695d71025e884ab48664dca54b840413dea4588d8"},
    {file = "rapidfuzz-3.12.2-cp39-cp39-manylinux_2_17_aarch64.manylinux2014_aarch64.whl", hash = "sha256:a749fd2690f24ef256b264a781487746bbb95344364fe8fe356f0eef7ef206ba"},
    {file = "rapidfuzz-3.12.2-cp39-cp39-manylinux_2_17_i686.manylinux2014_i686.whl", hash = "sha256:9a11e1d036170bbafa43a9e63d8c309273564ec5bdfc5439062f439d1a16965a"},
    {file = "rapidfuzz-3.12.2-cp39-cp39-manylinux_2_17_ppc64le.manylinux2014_ppc64le.whl", hash = "sha256:dfb337f1832c1231e3d5621bd0ebebb854e46036aedae3e6a49c1fc08f16f249"},
    {file = "rapidfuzz-3.12.2-cp39-cp39-manylinux_2_17_s390x.manylinux2014_s390x.whl", hash = "sha256:e88c6e68fca301722fa3ab7fd3ca46998012c14ada577bc1e2c2fc04f2067ca6"},
    {file = "rapidfuzz-3.12.2-cp39-cp39-manylinux_2_17_x86_64.manylinux2014_x86_64.whl", hash = "sha256:17e1a3a8b4b5125cfb63a6990459b25b87ea769bdaf90d05bb143f8febef076a"},
    {file = "rapidfuzz-3.12.2-cp39-cp39-musllinux_1_2_aarch64.whl", hash = "sha256:b9f8177b24ccc0a843e85932b1088c5e467a7dd7a181c13f84c684b796bea815"},
    {file = "rapidfuzz-3.12.2-cp39-cp39-musllinux_1_2_i686.whl", hash = "sha256:6c506bdc2f304051592c0d3b0e82eed309248ec10cdf802f13220251358375ea"},
    {file = "rapidfuzz-3.12.2-cp39-cp39-musllinux_1_2_ppc64le.whl", hash = "sha256:30bf15c1ecec2798b713d551df17f23401a3e3653ad9ed4e83ad1c2b06e86100"},
    {file = "rapidfuzz-3.12.2-cp39-cp39-musllinux_1_2_s390x.whl", hash = "sha256:bd9a67cfc83e8453ef17ddd1c2c4ce4a74d448a197764efb54c29f29fb41f611"},
    {file = "rapidfuzz-3.12.2-cp39-cp39-musllinux_1_2_x86_64.whl", hash = "sha256:7a6eaec2ef658dd650c6eb9b36dff7a361ebd7d8bea990ce9d639b911673b2cb"},
    {file = "rapidfuzz-3.12.2-cp39-cp39-win32.whl", hash = "sha256:d7701769f110332cde45c41759cb2a497de8d2dca55e4c519a46aed5fbb19d1a"},
    {file = "rapidfuzz-3.12.2-cp39-cp39-win_amd64.whl", hash = "sha256:296bf0fd4f678488670e262c87a3e4f91900b942d73ae38caa42a417e53643b1"},
    {file = "rapidfuzz-3.12.2-cp39-cp39-win_arm64.whl", hash = "sha256:7957f5d768de14f6b2715303ccdf224b78416738ee95a028a2965c95f73afbfb"},
    {file = "rapidfuzz-3.12.2-pp310-pypy310_pp73-macosx_10_15_x86_64.whl", hash = "sha256:e5fd3ce849b27d063755829cda27a9dab6dbd63be3801f2a40c60ec563a4c90f"},
    {file = "rapidfuzz-3.12.2-pp310-pypy310_pp73-macosx_11_0_arm64.whl", hash = "sha256:54e53662d71ed660c83c5109127c8e30b9e607884b7c45d2aff7929bbbd00589"},
    {file = "rapidfuzz-3.12.2-pp310-pypy310_pp73-manylinux_2_17_aarch64.manylinux2014_aarch64.whl", hash = "sha256:2b9e43cf2213e524f3309d329f1ad8dbf658db004ed44f6ae1cd2919aa997da5"},
    {file = "rapidfuzz-3.12.2-pp310-pypy310_pp73-manylinux_2_17_i686.manylinux2014_i686.whl", hash = "sha256:29ca445e320e5a8df3bd1d75b4fa4ecfa7c681942b9ac65b55168070a1a1960e"},
    {file = "rapidfuzz-3.12.2-pp310-pypy310_pp73-manylinux_2_17_x86_64.manylinux2014_x86_64.whl", hash = "sha256:83eb7ef732c2f8533c6b5fbe69858a722c218acc3e1fc190ab6924a8af7e7e0e"},
    {file = "rapidfuzz-3.12.2-pp310-pypy310_pp73-win_amd64.whl", hash = "sha256:648adc2dd2cf873efc23befcc6e75754e204a409dfa77efd0fea30d08f22ef9d"},
    {file = "rapidfuzz-3.12.2-pp311-pypy311_pp73-macosx_10_15_x86_64.whl", hash = "sha256:9b1e6f48e1ffa0749261ee23a1c6462bdd0be5eac83093f4711de17a42ae78ad"},
    {file = "rapidfuzz-3.12.2-pp311-pypy311_pp73-macosx_11_0_arm64.whl", hash = "sha256:1ae9ded463f2ca4ba1eb762913c5f14c23d2e120739a62b7f4cc102eab32dc90"},
    {file = "rapidfuzz-3.12.2-pp311-pypy311_pp73-manylinux_2_17_aarch64.manylinux2014_aarch64.whl", hash = "sha256:dda45f47b559be72ecbce45c7f71dc7c97b9772630ab0f3286d97d2c3025ab71"},
    {file = "rapidfuzz-3.12.2-pp311-pypy311_pp73-manylinux_2_17_i686.manylinux2014_i686.whl", hash = "sha256:b3745c6443890265513a3c8777f2de4cb897aeb906a406f97741019be8ad5bcc"},
    {file = "rapidfuzz-3.12.2-pp311-pypy311_pp73-manylinux_2_17_x86_64.manylinux2014_x86_64.whl", hash = "sha256:36d3ef4f047ed1bc96fa29289f9e67a637ddca5e4f4d3dc7cb7f50eb33ec1664"},
    {file = "rapidfuzz-3.12.2-pp311-pypy311_pp73-win_amd64.whl", hash = "sha256:54bb69ebe5ca0bd7527357e348f16a4c0c52fe0c2fcc8a041010467dcb8385f7"},
    {file = "rapidfuzz-3.12.2-pp39-pypy39_pp73-macosx_10_15_x86_64.whl", hash = "sha256:3f2ddd5b99b254039a8c82be5749d4d75943f62eb2c2918acf6ffd586852834f"},
    {file = "rapidfuzz-3.12.2-pp39-pypy39_pp73-macosx_11_0_arm64.whl", hash = "sha256:8117dab9b26a1aaffab59b4e30f80ac4d55e61ad4139a637c149365960933bee"},
    {file = "rapidfuzz-3.12.2-pp39-pypy39_pp73-manylinux_2_17_aarch64.manylinux2014_aarch64.whl", hash = "sha256:40c0f16d62d6553527de3dab2fb69709c4383430ea44bce8fb4711ed4cbc6ae3"},
    {file = "rapidfuzz-3.12.2-pp39-pypy39_pp73-manylinux_2_17_i686.manylinux2014_i686.whl", hash = "sha256:f177e1eb6e4f5261a89c475e21bce7a99064a8f217d2336fb897408f46f0ceaf"},
    {file = "rapidfuzz-3.12.2-pp39-pypy39_pp73-manylinux_2_17_x86_64.manylinux2014_x86_64.whl", hash = "sha256:5df0cecc2852fcb078ed1b4482fac4fc2c2e7787f3edda8920d9a4c0f51b1c95"},
    {file = "rapidfuzz-3.12.2-pp39-pypy39_pp73-win_amd64.whl", hash = "sha256:3b3c4df0321df6f8f0b61afbaa2ced9622750ee1e619128db57a18533d139820"},
    {file = "rapidfuzz-3.12.2.tar.gz", hash = "sha256:b0ba1ccc22fff782e7152a3d3d0caca44ec4e32dc48ba01c560b8593965b5aa3"},
]

[package.extras]
all = ["numpy"]

[[package]]
name = "requests"
version = "2.32.3"
description = "Python HTTP for Humans."
optional = false
python-versions = ">=3.8"
files = [
    {file = "requests-2.32.3-py3-none-any.whl", hash = "sha256:70761cfe03c773ceb22aa2f671b4757976145175cdfca038c02654d061d6dcc6"},
    {file = "requests-2.32.3.tar.gz", hash = "sha256:55365417734eb18255590a9ff9eb97e9e1da868d4ccd6402399eaf68af20a760"},
]

[package.dependencies]
certifi = ">=2017.4.17"
charset-normalizer = ">=2,<4"
idna = ">=2.5,<4"
urllib3 = ">=1.21.1,<3"

[package.extras]
socks = ["PySocks (>=1.5.6,!=1.5.7)"]
use-chardet-on-py3 = ["chardet (>=3.0.2,<6)"]

[[package]]
name = "thefuzz"
version = "0.22.1"
description = "Fuzzy string matching in python"
optional = false
python-versions = ">=3.8"
files = [
    {file = "thefuzz-0.22.1-py3-none-any.whl", hash = "sha256:59729b33556850b90e1093c4cf9e618af6f2e4c985df193fdf3c5b5cf02ca481"},
    {file = "thefuzz-0.22.1.tar.gz", hash = "sha256:7138039a7ecf540da323792d8592ef9902b1d79eb78c147d4f20664de79f3680"},
]

[package.dependencies]
rapidfuzz = ">=3.0.0,<4.0.0"

[[package]]
name = "tinydb"
version = "4.8.2"
description = "TinyDB is a tiny, document oriented database optimized for your happiness :)"
optional = false
python-versions = "<4.0,>=3.8"
files = [
    {file = "tinydb-4.8.2-py3-none-any.whl", hash = "sha256:f97030ee5cbc91eeadd1d7af07ab0e48ceb04aa63d4a983adbaca4cba16e86c3"},
    {file = "tinydb-4.8.2.tar.gz", hash = "sha256:f7dfc39b8d7fda7a1ca62a8dbb449ffd340a117c1206b68c50b1a481fb95181d"},
]

[[package]]
name = "urllib3"
version = "2.3.0"
description = "HTTP library with thread-safe connection pooling, file post, and more."
optional = false
python-versions = ">=3.9"
files = [
    {file = "urllib3-2.3.0-py3-none-any.whl", hash = "sha256:1cee9ad369867bfdbbb48b7dd50374c0967a0bb7710050facf0dd6911440e3df"},
    {file = "urllib3-2.3.0.tar.gz", hash = "sha256:f8c5449b3cf0861679ce7e0503c7b44b5ec981bec0d1d3795a07f1ba96f0204d"},
]

[package.extras]
brotli = ["brotli (>=1.0.9)", "brotlicffi (>=0.8.0)"]
h2 = ["h2 (>=4,<5)"]
socks = ["pysocks (>=1.5.6,!=1.5.7,<2.0)"]
zstd = ["zstandard (>=0.18.0)"]

[[package]]
name = "wcwidth"
version = "0.2.13"
description = "Measures the displayed width of unicode strings in a terminal"
optional = false
python-versions = "*"
files = [
    {file = "wcwidth-0.2.13-py2.py3-none-any.whl", hash = "sha256:3da69048e4540d84af32131829ff948f1e022c1c6bdb8d6102117aac784f6859"},
    {file = "wcwidth-0.2.13.tar.gz", hash = "sha256:72ea0c06399eb286d978fdedb6923a9eb47e1c486ce63e9b4e64fc18303972b5"},
]

[metadata]
lock-version = "2.0"
python-versions = "^3.11"
content-hash = "476802ef0e0c8d6c573b934513454f2c5cecc27447a9134236fa82af17252e71"
